
Microsoft Visual Studio Solution File, Format Version 12.00
# Visual Studio Version 16
VisualStudioVersion = 16.0.30804.86
MinimumVisualStudioVersion = 10.0.40219.1
Project("{FAE04EC0-301F-11D3-BF4B-00C04F79EFBC}") = "Hahn.ApplicatonProcess.December2020.Data", "Hahn.ApplicatonProcess.December2020.Data\Hahn.ApplicatonProcess.December2020.Data.csproj", "{684C0FC2-635D-4E2F-991B-3791943A3B69}"
EndProject
Project("{FAE04EC0-301F-11D3-BF4B-00C04F79EFBC}") = "Hahn.ApplicatonProcess.December2020.Web", "Hahn.ApplicatonProcess.December2020.Web\Hahn.ApplicatonProcess.December2020.Web.csproj", "{AC7AB897-95A3-456F-868B-389C20793803}"
EndProject
Project("{FAE04EC0-301F-11D3-BF4B-00C04F79EFBC}") = "Hahn.ApplicatonProcess.December2020.Domain", "Hahn.ApplicatonProcess.December2020.Domain\Hahn.ApplicatonProcess.December2020.Domain.csproj", "{AD1126E1-D8E1-4A82-A7AE-3A0D592F2B7F}"
EndProject
Global
	GlobalSection(SolutionConfigurationPlatforms) = preSolution
		Debug|Any CPU = Debug|Any CPU
		Release|Any CPU = Release|Any CPU
	EndGlobalSection
	GlobalSection(ProjectConfigurationPlatforms) = postSolution
		{684C0FC2-635D-4E2F-991B-3791943A3B69}.Debug|Any CPU.ActiveCfg = Debug|Any CPU
		{684C0FC2-635D-4E2F-991B-3791943A3B69}.Debug|Any CPU.Build.0 = Debug|Any CPU
		{684C0FC2-635D-4E2F-991B-3791943A3B69}.Release|Any CPU.ActiveCfg = Release|Any CPU
		{684C0FC2-635D-4E2F-991B-3791943A3B69}.Release|Any CPU.Build.0 = Release|Any CPU
		{AC7AB897-95A3-456F-868B-389C20793803}.Debug|Any CPU.ActiveCfg = Debug|Any CPU
		{AC7AB897-95A3-456F-868B-389C20793803}.Debug|Any CPU.Build.0 = Debug|Any CPU
		{AC7AB897-95A3-456F-868B-389C20793803}.Release|Any CPU.ActiveCfg = Release|Any CPU
		{AC7AB897-95A3-456F-868B-389C20793803}.Release|Any CPU.Build.0 = Release|Any CPU
		{AD1126E1-D8E1-4A82-A7AE-3A0D592F2B7F}.Debug|Any CPU.ActiveCfg = Debug|Any CPU
		{AD1126E1-D8E1-4A82-A7AE-3A0D592F2B7F}.Debug|Any CPU.Build.0 = Debug|Any CPU
		{AD1126E1-D8E1-4A82-A7AE-3A0D592F2B7F}.Release|Any CPU.ActiveCfg = Release|Any CPU
		{AD1126E1-D8E1-4A82-A7AE-3A0D592F2B7F}.Release|Any CPU.Build.0 = Release|Any CPU
	EndGlobalSection
	GlobalSection(SolutionProperties) = preSolution
		HideSolutionNode = FALSE
	EndGlobalSection
	GlobalSection(ExtensibilityGlobals) = postSolution
		SolutionGuid = {841F6CA1-A531-466C-9DDA-5E4919595C86}
	EndGlobalSection
EndGlobal
